// !$*UTF8*$!
{
	archiveVersion = 1;
	classes = {
	};
	objectVersion = 50;
	objects = {

/* Begin PBXBuildFile section */
		55C7AF9125E1F35300C833A8 /* DiceRollerApp.swift in Sources */ = {isa = PBXBuildFile; fileRef = 55C7AF9025E1F35300C833A8 /* DiceRollerApp.swift */; };
		55C7AF9325E1F35300C833A8 /* ContentView.swift in Sources */ = {isa = PBXBuildFile; fileRef = 55C7AF9225E1F35300C833A8 /* ContentView.swift */; };
		55C7AF9525E1F35800C833A8 /* Assets.xcassets in Resources */ = {isa = PBXBuildFile; fileRef = 55C7AF9425E1F35800C833A8 /* Assets.xcassets */; };
		55C7AF9825E1F35800C833A8 /* Preview Assets.xcassets in Resources */ = {isa = PBXBuildFile; fileRef = 55C7AF9725E1F35800C833A8 /* Preview Assets.xcassets */; };
		55C7AFA125E1F46200C833A8 /* RollDiceView.swift in Sources */ = {isa = PBXBuildFile; fileRef = 55C7AFA025E1F46200C833A8 /* RollDiceView.swift */; };
		55C7AFA425E1F8A100C833A8 /* DiceResults.swift in Sources */ = {isa = PBXBuildFile; fileRef = 55C7AFA325E1F8A100C833A8 /* DiceResults.swift */; };
		55C7AFA725E1F91700C833A8 /* ResultsView.swift in Sources */ = {isa = PBXBuildFile; fileRef = 55C7AFA625E1F91700C833A8 /* ResultsView.swift */; };
		55C7AFAA25E1FA6700C833A8 /* SettingsView.swift in Sources */ = {isa = PBXBuildFile; fileRef = 55C7AFA925E1FA6700C833A8 /* SettingsView.swift */; };
		55C7AFAD25E1FA8900C833A8 /* SettingsConfiguration.swift in Sources */ = {isa = PBXBuildFile; fileRef = 55C7AFAC25E1FA8900C833A8 /* SettingsConfiguration.swift */; };
/* End PBXBuildFile section */

/* Begin PBXFileReference section */
		55C7AF8D25E1F35300C833A8 /* DiceRoller.app */ = {isa = PBXFileReference; explicitFileType = wrapper.application; includeInIndex = 0; path = DiceRoller.app; sourceTree = BUILT_PRODUCTS_DIR; };
		55C7AF9025E1F35300C833A8 /* DiceRollerApp.swift */ = {isa = PBXFileReference; lastKnownFileType = sourcecode.swift; path = DiceRollerApp.swift; sourceTree = "<group>"; };
		55C7AF9225E1F35300C833A8 /* ContentView.swift */ = {isa = PBXFileReference; lastKnownFileType = sourcecode.swift; path = ContentView.swift; sourceTree = "<group>"; };
		55C7AF9425E1F35800C833A8 /* Assets.xcassets */ = {isa = PBXFileReference; lastKnownFileType = folder.assetcatalog; path = Assets.xcassets; sourceTree = "<group>"; };
		55C7AF9725E1F35800C833A8 /* Preview Assets.xcassets */ = {isa = PBXFileReference; lastKnownFileType = folder.assetcatalog; path = "Preview Assets.xcassets"; sourceTree = "<group>"; };
		55C7AF9925E1F35800C833A8 /* Info.plist */ = {isa = PBXFileReference; lastKnownFileType = text.plist.xml; path = Info.plist; sourceTree = "<group>"; };
		55C7AFA025E1F46200C833A8 /* RollDiceView.swift */ = {isa = PBXFileReference; lastKnownFileType = sourcecode.swift; path = RollDiceView.swift; sourceTree = "<group>"; };
		55C7AFA325E1F8A100C833A8 /* DiceResults.swift */ = {isa = PBXFileReference; lastKnownFileType = sourcecode.swift; path = DiceResults.swift; sourceTree = "<group>"; };
		55C7AFA625E1F91700C833A8 /* ResultsView.swift */ = {isa = PBXFileReference; lastKnownFileType = sourcecode.swift; path = ResultsView.swift; sourceTree = "<group>"; };
		55C7AFA925E1FA6700C833A8 /* SettingsView.swift */ = {isa = PBXFileReference; lastKnownFileType = sourcecode.swift; path = SettingsView.swift; sourceTree = "<group>"; };
		55C7AFAC25E1FA8900C833A8 /* SettingsConfiguration.swift */ = {isa = PBXFileReference; lastKnownFileType = sourcecode.swift; path = SettingsConfiguration.swift; sourceTree = "<group>"; };
/* End PBXFileReference section */

/* Begin PBXFrameworksBuildPhase section */
		55C7AF8A25E1F35300C833A8 /* Frameworks */ = {
			isa = PBXFrameworksBuildPhase;
			buildActionMask = 2147483647;
			files = (
			);
			runOnlyForDeploymentPostprocessing = 0;
		};
/* End PBXFrameworksBuildPhase section */

/* Begin PBXGroup section */
		55C7AF8425E1F35300C833A8 = {
			isa = PBXGroup;
			children = (
				55C7AF8F25E1F35300C833A8 /* DiceRoller */,
				55C7AF8E25E1F35300C833A8 /* Products */,
			);
			sourceTree = "<group>";
		};
		55C7AF8E25E1F35300C833A8 /* Products */ = {
			isa = PBXGroup;
			children = (
				55C7AF8D25E1F35300C833A8 /* DiceRoller.app */,
			);
			name = Products;
			sourceTree = "<group>";
		};
		55C7AF8F25E1F35300C833A8 /* DiceRoller */ = {
			isa = PBXGroup;
			children = (
				55C7AF9025E1F35300C833A8 /* DiceRollerApp.swift */,
				55C7AF9225E1F35300C833A8 /* ContentView.swift */,
				55C7AF9425E1F35800C833A8 /* Assets.xcassets */,
				55C7AF9925E1F35800C833A8 /* Info.plist */,
				55C7AF9625E1F35800C833A8 /* Preview Content */,
				55C7AFA025E1F46200C833A8 /* RollDiceView.swift */,
				55C7AFA325E1F8A100C833A8 /* DiceResults.swift */,
				55C7AFA625E1F91700C833A8 /* ResultsView.swift */,
				55C7AFA925E1FA6700C833A8 /* SettingsView.swift */,
				55C7AFAC25E1FA8900C833A8 /* SettingsConfiguration.swift */,
			);
			path = DiceRoller;
			sourceTree = "<group>";
		};
		55C7AF9625E1F35800C833A8 /* Preview Content */ = {
			isa = PBXGroup;
			children = (
				55C7AF9725E1F35800C833A8 /* Preview Assets.xcassets */,
			);
			path = "Preview Content";
			sourceTree = "<group>";
		};
/* End PBXGroup section */

/* Begin PBXNativeTarget section */
		55C7AF8C25E1F35300C833A8 /* DiceRoller */ = {
			isa = PBXNativeTarget;
			buildConfigurationList = 55C7AF9C25E1F35800C833A8 /* Build configuration list for PBXNativeTarget "DiceRoller" */;
			buildPhases = (
				55C7AF8925E1F35300C833A8 /* Sources */,
				55C7AF8A25E1F35300C833A8 /* Frameworks */,
				55C7AF8B25E1F35300C833A8 /* Resources */,
			);
			buildRules = (
			);
			dependencies = (
			);
			name = DiceRoller;
			productName = DiceRoller;
			productReference = 55C7AF8D25E1F35300C833A8 /* DiceRoller.app */;
			productType = "com.apple.product-type.application";
		};
/* End PBXNativeTarget section */

/* Begin PBXProject section */
		55C7AF8525E1F35300C833A8 /* Project object */ = {
			isa = PBXProject;
			attributes = {
				LastSwiftUpdateCheck = 1240;
				LastUpgradeCheck = 1240;
				TargetAttributes = {
					55C7AF8C25E1F35300C833A8 = {
						CreatedOnToolsVersion = 12.4;
					};
				};
			};
			buildConfigurationList = 55C7AF8825E1F35300C833A8 /* Build configuration list for PBXProject "DiceRoller" */;
			compatibilityVersion = "Xcode 9.3";
			developmentRegion = en;
			hasScannedForEncodings = 0;
			knownRegions = (
				en,
				Base,
			);
			mainGroup = 55C7AF8425E1F35300C833A8;
			productRefGroup = 55C7AF8E25E1F35300C833A8 /* Products */;
			projectDirPath = "";
			projectRoot = "";
			targets = (
				55C7AF8C25E1F35300C833A8 /* DiceRoller */,
			);
		};
/* End PBXProject section */

/* Begin PBXResourcesBuildPhase section */
		55C7AF8B25E1F35300C833A8 /* Resources */ = {
			isa = PBXResourcesBuildPhase;
			buildActionMask = 2147483647;
			files = (
				55C7AF9825E1F35800C833A8 /* Preview Assets.xcassets in Resources */,
				55C7AF9525E1F35800C833A8 /* Assets.xcassets in Resources */,
			);
			runOnlyForDeploymentPostprocessing = 0;
		};
/* End PBXResourcesBuildPhase section */

/* Begin PBXSourcesBuildPhase section */
		55C7AF8925E1F35300C833A8 /* Sources */ = {
			isa = PBXSourcesBuildPhase;
			buildActionMask = 2147483647;
			files = (
				55C7AFA125E1F46200C833A8 /* RollDiceView.swift in Sources */,
				55C7AF9325E1F35300C833A8 /* ContentView.swift in Sources */,
				55C7AF9125E1F35300C833A8 /* DiceRollerApp.swift in Sources */,
				55C7AFAA25E1FA6700C833A8 /* SettingsView.swift in Sources */,
				55C7AFA725E1F91700C833A8 /* ResultsView.swift in Sources */,
				55C7AFA425E1F8A100C833A8 /* DiceResults.swift in Sources */,
				55C7AFAD25E1FA8900C833A8 /* SettingsConfiguration.swift in Sources */,
			);
			runOnlyForDeploymentPostprocessing = 0;
		};
/* End PBXSourcesBuildPhase section */

/* Begin XCBuildConfiguration section */
		55C7AF9A25E1F35800C833A8 /* Debug */ = {
			isa = XCBuildConfiguration;
			buildSettings = {
				ALWAYS_SEARCH_USER_PATHS = NO;
				CLANG_ANALYZER_NONNULL = YES;
				CLANG_ANALYZER_NUMBER_OBJECT_CONVERSION = YES_AGGRESSIVE;
				CLANG_CXX_LANGUAGE_STANDARD = "gnu++14";
				CLANG_CXX_LIBRARY = "libc++";
				CLANG_ENABLE_MODULES = YES;
				CLANG_ENABLE_OBJC_ARC = YES;
				CLANG_ENABLE_OBJC_WEAK = YES;
				CLANG_WARN_BLOCK_CAPTURE_AUTORELEASING = YES;
				CLANG_WARN_BOOL_CONVERSION = YES;
				CLANG_WARN_COMMA = YES;
				CLANG_WARN_CONSTANT_CONVERSION = YES;
				CLANG_WARN_DEPRECATED_OBJC_IMPLEMENTATIONS = YES;
				CLANG_WARN_DIRECT_OBJC_ISA_USAGE = YES_ERROR;
				CLANG_WARN_DOCUMENTATION_COMMENTS = YES;
				CLANG_WARN_EMPTY_BODY = YES;
				CLANG_WARN_ENUM_CONVERSION = YES;
				CLANG_WARN_INFINITE_RECURSION = YES;
				CLANG_WARN_INT_CONVERSION = YES;
				CLANG_WARN_NON_LITERAL_NULL_CONVERSION = YES;
				CLANG_WARN_OBJC_IMPLICIT_RETAIN_SELF = YES;
				CLANG_WARN_OBJC_LITERAL_CONVERSION = YES;
				CLANG_WARN_OBJC_ROOT_CLASS = YES_ERROR;
				CLANG_WARN_QUOTED_INCLUDE_IN_FRAMEWORK_HEADER = YES;
				CLANG_WARN_RANGE_LOOP_ANALYSIS = YES;
				CLANG_WARN_STRICT_PROTOTYPES = YES;
				CLANG_WARN_SUSPICIOUS_MOVE = YES;
				CLANG_WARN_UNGUARDED_AVAILABILITY = YES_AGGRESSIVE;
				CLANG_WARN_UNREACHABLE_CODE = YES;
				CLANG_WARN__DUPLICATE_METHOD_MATCH = YES;
				COPY_PHASE_STRIP = NO;
				DEBUG_INFORMATION_FORMAT = dwarf;
				ENABLE_STRICT_OBJC_MSGSEND = YES;
				ENABLE_TESTABILITY = YES;
				GCC_C_LANGUAGE_STANDARD = gnu11;
				GCC_DYNAMIC_NO_PIC = NO;
				GCC_NO_COMMON_BLOCKS = YES;
				GCC_OPTIMIZATION_LEVEL = 0;
				GCC_PREPROCESSOR_DEFINITIONS = (
					"DEBUG=1",
					"$(inherited)",
				);
				GCC_WARN_64_TO_32_BIT_CONVERSION = YES;
				GCC_WARN_ABOUT_RETURN_TYPE = YES_ERROR;
				GCC_WARN_UNDECLARED_SELECTOR = YES;
				GCC_WARN_UNINITIALIZED_AUTOS = YES_AGGRESSIVE;
				GCC_WARN_UNUSED_FUNCTION = YES;
				GCC_WARN_UNUSED_VARIABLE = YES;
				IPHONEOS_DEPLOYMENT_TARGET = 14.4;
				MTL_ENABLE_DEBUG_INFO = INCLUDE_SOURCE;
				MTL_FAST_MATH = YES;
				ONLY_ACTIVE_ARCH = YES;
				SDKROOT = iphoneos;
				SWIFT_ACTIVE_COMPILATION_CONDITIONS = DEBUG;
				SWIFT_OPTIMIZATION_LEVEL = "-Onone";
			};
			name = Debug;
		};
		55C7AF9B25E1F35800C833A8 /* Release */ = {
			isa = XCBuildConfiguration;
			buildSettings = {
				ALWAYS_SEARCH_USER_PATHS = NO;
				CLANG_ANALYZER_NONNULL = YES;
				CLANG_ANALYZER_NUMBER_OBJECT_CONVERSION = YES_AGGRESSIVE;
				CLANG_CXX_LANGUAGE_STANDARD = "gnu++14";
				CLANG_CXX_LIBRARY = "libc++";
				CLANG_ENABLE_MODULES = YES;
				CLANG_ENABLE_OBJC_ARC = YES;
				CLANG_ENABLE_OBJC_WEAK = YES;
				CLANG_WARN_BLOCK_CAPTURE_AUTORELEASING = YES;
				CLANG_WARN_BOOL_CONVERSION = YES;
				CLANG_WARN_COMMA = YES;
				CLANG_WARN_CONSTANT_CONVERSION = YES;
				CLANG_WARN_DEPRECATED_OBJC_IMPLEMENTATIONS = YES;
				CLANG_WARN_DIRECT_OBJC_ISA_USAGE = YES_ERROR;
				CLANG_WARN_DOCUMENTATION_COMMENTS = YES;
				CLANG_WARN_EMPTY_BODY = YES;
				CLANG_WARN_ENUM_CONVERSION = YES;
				CLANG_WARN_INFINITE_RECURSION = YES;
				CLANG_WARN_INT_CONVERSION = YES;
				CLANG_WARN_NON_LITERAL_NULL_CONVERSION = YES;
				CLANG_WARN_OBJC_IMPLICIT_RETAIN_SELF = YES;
				CLANG_WARN_OBJC_LITERAL_CONVERSION = YES;
				CLANG_WARN_OBJC_ROOT_CLASS = YES_ERROR;
				CLANG_WARN_QUOTED_INCLUDE_IN_FRAMEWORK_HEADER = YES;
				CLANG_WARN_RANGE_LOOP_ANALYSIS = YES;
				CLANG_WARN_STRICT_PROTOTYPES = YES;
				CLANG_WARN_SUSPICIOUS_MOVE = YES;
				CLANG_WARN_UNGUARDED_AVAILABILITY = YES_AGGRESSIVE;
				CLANG_WARN_UNREACHABLE_CODE = YES;
				CLANG_WARN__DUPLICATE_METHOD_MATCH = YES;
				COPY_PHASE_STRIP = NO;
				DEBUG_INFORMATION_FORMAT = "dwarf-with-dsym";
				ENABLE_NS_ASSERTIONS = NO;
				ENABLE_STRICT_OBJC_MSGSEND = YES;
				GCC_C_LANGUAGE_STANDARD = gnu11;
				GCC_NO_COMMON_BLOCKS = YES;
				GCC_WARN_64_TO_32_BIT_CONVERSION = YES;
				GCC_WARN_ABOUT_RETURN_TYPE = YES_ERROR;
				GCC_WARN_UNDECLARED_SELECTOR = YES;
				GCC_WARN_UNINITIALIZED_AUTOS = YES_AGGRESSIVE;
				GCC_WARN_UNUSED_FUNCTION = YES;
				GCC_WARN_UNUSED_VARIABLE = YES;
				IPHONEOS_DEPLOYMENT_TARGET = 14.4;
				MTL_ENABLE_DEBUG_INFO = NO;
				MTL_FAST_MATH = YES;
				SDKROOT = iphoneos;
				SWIFT_COMPILATION_MODE = wholemodule;
				SWIFT_OPTIMIZATION_LEVEL = "-O";
				VALIDATE_PRODUCT = YES;
			};
			name = Release;
		};
		55C7AF9D25E1F35800C833A8 /* Debug */ = {
			isa = XCBuildConfiguration;
			buildSettings = {
				ASSETCATALOG_COMPILER_APPICON_NAME = AppIcon;
				ASSETCATALOG_COMPILER_GLOBAL_ACCENT_COLOR_NAME = AccentColor;
				CODE_SIGN_STYLE = Automatic;
				DEVELOPMENT_ASSET_PATHS = "\"DiceRoller/Preview Content\"";
				DEVELOPMENT_TEAM = 4372MH6XLY;
				ENABLE_PREVIEWS = YES;
				INFOPLIST_FILE = DiceRoller/Info.plist;
				IPHONEOS_DEPLOYMENT_TARGET = 14.0;
				LD_RUNPATH_SEARCH_PATHS = (
					"$(inherited)",
					"@executable_path/Frameworks",
				);
				PRODUCT_BUNDLE_IDENTIFIER = com.solfware.DiceRoller;
				PRODUCT_NAME = "$(TARGET_NAME)";
				SWIFT_VERSION = 5.0;
				TARGETED_DEVICE_FAMILY = "1,2";
			};
			name = Debug;
		};
		55C7AF9E25E1F35800C833A8 /* Release */ = {
			isa = XCBuildConfiguration;
			buildSettings = {
				ASSETCATALOG_COMPILER_APPICON_NAME = AppIcon;
				ASSETCATALOG_COMPILER_GLOBAL_ACCENT_COLOR_NAME = AccentColor;
				CODE_SIGN_STYLE = Automatic;
				DEVELOPMENT_ASSET_PATHS = "\"DiceRoller/Preview Content\"";
				DEVELOPMENT_TEAM = 4372MH6XLY;
				ENABLE_PREVIEWS = YES;
				INFOPLIST_FILE = DiceRoller/Info.plist;
				IPHONEOS_DEPLOYMENT_TARGET = 14.0;
				LD_RUNPATH_SEARCH_PATHS = (
					"$(inherited)",
					"@executable_path/Frameworks",
				);
				PRODUCT_BUNDLE_IDENTIFIER = com.solfware.DiceRoller;
				PRODUCT_NAME = "$(TARGET_NAME)";
				SWIFT_VERSION = 5.0;
				TARGETED_DEVICE_FAMILY = "1,2";
			};
			name = Release;
		};
/* End XCBuildConfiguration section */

/* Begin XCConfigurationList section */
		55C7AF8825E1F35300C833A8 /* Build configuration list for PBXProject "DiceRoller" */ = {
			isa = XCConfigurationList;
			buildConfigurations = (
				55C7AF9A25E1F35800C833A8 /* Debug */,
				55C7AF9B25E1F35800C833A8 /* Release */,
			);
			defaultConfigurationIsVisible = 0;
			defaultConfigurationName = Release;
		};
		55C7AF9C25E1F35800C833A8 /* Build configuration list for PBXNativeTarget "DiceRoller" */ = {
			isa = XCConfigurationList;
			buildConfigurations = (
				55C7AF9D25E1F35800C833A8 /* Debug */,
				55C7AF9E25E1F35800C833A8 /* Release */,
			);
			defaultConfigurationIsVisible = 0;
			defaultConfigurationName = Release;
		};
/* End XCConfigurationList section */
	};
	rootObject = 55C7AF8525E1F35300C833A8 /* Project object */;
}
